
Microsoft Visual Studio Solution File, Format Version 12.00
# Visual Studio Version 16
VisualStudioVersion = 16.0.30621.155
MinimumVisualStudioVersion = 10.0.40219.1
Project("{FAE04EC0-301F-11D3-BF4B-00C04F79EFBC}") = "Bookinist", "Bookinist\Bookinist.csproj", "{6519A6DE-9678-4A85-AEFA-4FC430B95F1F}"
EndProject
Project("{FAE04EC0-301F-11D3-BF4B-00C04F79EFBC}") = "Bookinist.DAL", "Bookinist.DAL\Bookinist.DAL.csproj", "{AA4A8076-3DC6-4127-850C-00B53F654672}"
EndProject
Project("{FAE04EC0-301F-11D3-BF4B-00C04F79EFBC}") = "Bookinist.Interfaces", "Bookinist.Interfaces\Bookinist.Interfaces.csproj", "{567180A1-D71F-4ED7-9E0C-A46BBBD3FE14}"
EndProject
Global
	GlobalSection(SolutionConfigurationPlatforms) = preSolution
		Debug|Any CPU = Debug|Any CPU
		Release|Any CPU = Release|Any CPU
	EndGlobalSection
	GlobalSection(ProjectConfigurationPlatforms) = postSolution
		{6519A6DE-9678-4A85-AEFA-4FC430B95F1F}.Debug|Any CPU.ActiveCfg = Debug|Any CPU
		{6519A6DE-9678-4A85-AEFA-4FC430B95F1F}.Debug|Any CPU.Build.0 = Debug|Any CPU
		{6519A6DE-9678-4A85-AEFA-4FC430B95F1F}.Release|Any CPU.ActiveCfg = Release|Any CPU
		{6519A6DE-9678-4A85-AEFA-4FC430B95F1F}.Release|Any CPU.Build.0 = Release|Any CPU
		{AA4A8076-3DC6-4127-850C-00B53F654672}.Debug|Any CPU.ActiveCfg = Debug|Any CPU
		{AA4A8076-3DC6-4127-850C-00B53F654672}.Debug|Any CPU.Build.0 = Debug|Any CPU
		{AA4A8076-3DC6-4127-850C-00B53F654672}.Release|Any CPU.ActiveCfg = Release|Any CPU
		{AA4A8076-3DC6-4127-850C-00B53F654672}.Release|Any CPU.Build.0 = Release|Any CPU
		{567180A1-D71F-4ED7-9E0C-A46BBBD3FE14}.Debug|Any CPU.ActiveCfg = Debug|Any CPU
		{567180A1-D71F-4ED7-9E0C-A46BBBD3FE14}.Debug|Any CPU.Build.0 = Debug|Any CPU
		{567180A1-D71F-4ED7-9E0C-A46BBBD3FE14}.Release|Any CPU.ActiveCfg = Release|Any CPU
		{567180A1-D71F-4ED7-9E0C-A46BBBD3FE14}.Release|Any CPU.Build.0 = Release|Any CPU
	EndGlobalSection
	GlobalSection(SolutionProperties) = preSolution
		HideSolutionNode = FALSE
	EndGlobalSection
	GlobalSection(ExtensibilityGlobals) = postSolution
		SolutionGuid = {FC8F08B2-B784-4B43-83A1-FB1105F77C2C}
	EndGlobalSection
EndGlobal
